
Microsoft Visual Studio Solution File, Format Version 12.00
# Visual Studio 15
VisualStudioVersion = 15.0.27703.2042
MinimumVisualStudioVersion = 10.0.40219.1
Project("{9A19103F-16F7-4668-BE54-9A1E7A4F7556}") = "ByteDev.Sonos", "ByteDev.Sonos\ByteDev.Sonos.csproj", "{DA854649-1A35-46DB-B583-471A87621A16}"
EndProject
Project("{2150E333-8FDC-42A3-9474-1A3956D46DE8}") = "Tests", "Tests", "{A2BEE402-FDA1-4E57-ABE5-D8C7FAC509AB}"
EndProject
Project("{9A19103F-16F7-4668-BE54-9A1E7A4F7556}") = "ByteDev.Sonos.IntTests", "ByteDev.Sonos.IntTests\ByteDev.Sonos.IntTests.csproj", "{65581DF2-EC65-44CE-898D-40970443DD24}"
EndProject
Project("{9A19103F-16F7-4668-BE54-9A1E7A4F7556}") = "ByteDev.Sonos.Upnp", "ByteDev.Sonos.Upnp\ByteDev.Sonos.Upnp.csproj", "{FAD40B73-ED08-4BC1-81FC-A2B8483AFB8C}"
EndProject
Project("{2150E333-8FDC-42A3-9474-1A3956D46DE8}") = "Docs", "Docs", "{EB7E7BE5-48A8-4C19-ACE8-FE631BBCCA9E}"
	ProjectSection(SolutionItems) = preProject
		device_description1.xml = device_description1.xml
		..\README.md = ..\README.md
	EndProjectSection
EndProject
Project("{9A19103F-16F7-4668-BE54-9A1E7A4F7556}") = "ByteDev.Sonos.UnitTests", "ByteDev.Sonos.UnitTests\ByteDev.Sonos.UnitTests.csproj", "{D57BC774-4714-4DD6-922E-25048BEEF73A}"
EndProject
Project("{9A19103F-16F7-4668-BE54-9A1E7A4F7556}") = "ByteDev.Sonos.Upnp.UnitTests", "ByteDev.Sonos.Upnp.UnitTests\ByteDev.Sonos.Upnp.UnitTests.csproj", "{E6CE69DA-4521-41D2-B8BF-6A577DBE7720}"
EndProject
Project("{2150E333-8FDC-42A3-9474-1A3956D46DE8}") = "IntTests", "IntTests", "{B96A441F-204C-403A-B9AA-21C63DF1E856}"
EndProject
Project("{2150E333-8FDC-42A3-9474-1A3956D46DE8}") = "UnitTests", "UnitTests", "{8C34D3B7-CC13-4581-93B6-BE7F50381C6E}"
EndProject
Project("{9A19103F-16F7-4668-BE54-9A1E7A4F7556}") = "ByteDev.Sonos.Upnp.IntTests", "ByteDev.Sonos.Upnp.IntTests\ByteDev.Sonos.Upnp.IntTests.csproj", "{58C5BE5A-1C19-4705-8408-9C3432866891}"
EndProject
Project("{FAE04EC0-301F-11D3-BF4B-00C04F79EFBC}") = "ByteDev.Sonos.Testing", "ByteDev.Sonos.Testing\ByteDev.Sonos.Testing.csproj", "{BD6A3697-E2F7-4D39-8F5D-36110314F712}"
EndProject
Project("{2150E333-8FDC-42A3-9474-1A3956D46DE8}") = "Build", "Build", "{74F79266-38F8-4419-9AC7-53286B86C948}"
	ProjectSection(SolutionItems) = preProject
		..\build\build.cake = ..\build\build.cake
		..\build\ByteDev.Utilities.cake = ..\build\ByteDev.Utilities.cake
	EndProjectSection
EndProject
Global
	GlobalSection(SolutionConfigurationPlatforms) = preSolution
		Debug|Any CPU = Debug|Any CPU
		Release|Any CPU = Release|Any CPU
	EndGlobalSection
	GlobalSection(ProjectConfigurationPlatforms) = postSolution
		{DA854649-1A35-46DB-B583-471A87621A16}.Debug|Any CPU.ActiveCfg = Debug|Any CPU
		{DA854649-1A35-46DB-B583-471A87621A16}.Debug|Any CPU.Build.0 = Debug|Any CPU
		{DA854649-1A35-46DB-B583-471A87621A16}.Release|Any CPU.ActiveCfg = Release|Any CPU
		{DA854649-1A35-46DB-B583-471A87621A16}.Release|Any CPU.Build.0 = Release|Any CPU
		{65581DF2-EC65-44CE-898D-40970443DD24}.Debug|Any CPU.ActiveCfg = Debug|Any CPU
		{65581DF2-EC65-44CE-898D-40970443DD24}.Debug|Any CPU.Build.0 = Debug|Any CPU
		{65581DF2-EC65-44CE-898D-40970443DD24}.Release|Any CPU.ActiveCfg = Release|Any CPU
		{65581DF2-EC65-44CE-898D-40970443DD24}.Release|Any CPU.Build.0 = Release|Any CPU
		{FAD40B73-ED08-4BC1-81FC-A2B8483AFB8C}.Debug|Any CPU.ActiveCfg = Debug|Any CPU
		{FAD40B73-ED08-4BC1-81FC-A2B8483AFB8C}.Debug|Any CPU.Build.0 = Debug|Any CPU
		{FAD40B73-ED08-4BC1-81FC-A2B8483AFB8C}.Release|Any CPU.ActiveCfg = Release|Any CPU
		{FAD40B73-ED08-4BC1-81FC-A2B8483AFB8C}.Release|Any CPU.Build.0 = Release|Any CPU
		{D57BC774-4714-4DD6-922E-25048BEEF73A}.Debug|Any CPU.ActiveCfg = Debug|Any CPU
		{D57BC774-4714-4DD6-922E-25048BEEF73A}.Debug|Any CPU.Build.0 = Debug|Any CPU
		{D57BC774-4714-4DD6-922E-25048BEEF73A}.Release|Any CPU.ActiveCfg = Release|Any CPU
		{D57BC774-4714-4DD6-922E-25048BEEF73A}.Release|Any CPU.Build.0 = Release|Any CPU
		{E6CE69DA-4521-41D2-B8BF-6A577DBE7720}.Debug|Any CPU.ActiveCfg = Debug|Any CPU
		{E6CE69DA-4521-41D2-B8BF-6A577DBE7720}.Debug|Any CPU.Build.0 = Debug|Any CPU
		{E6CE69DA-4521-41D2-B8BF-6A577DBE7720}.Release|Any CPU.ActiveCfg = Release|Any CPU
		{E6CE69DA-4521-41D2-B8BF-6A577DBE7720}.Release|Any CPU.Build.0 = Release|Any CPU
		{58C5BE5A-1C19-4705-8408-9C3432866891}.Debug|Any CPU.ActiveCfg = Debug|Any CPU
		{58C5BE5A-1C19-4705-8408-9C3432866891}.Debug|Any CPU.Build.0 = Debug|Any CPU
		{58C5BE5A-1C19-4705-8408-9C3432866891}.Release|Any CPU.ActiveCfg = Release|Any CPU
		{58C5BE5A-1C19-4705-8408-9C3432866891}.Release|Any CPU.Build.0 = Release|Any CPU
		{BD6A3697-E2F7-4D39-8F5D-36110314F712}.Debug|Any CPU.ActiveCfg = Debug|Any CPU
		{BD6A3697-E2F7-4D39-8F5D-36110314F712}.Debug|Any CPU.Build.0 = Debug|Any CPU
		{BD6A3697-E2F7-4D39-8F5D-36110314F712}.Release|Any CPU.ActiveCfg = Release|Any CPU
		{BD6A3697-E2F7-4D39-8F5D-36110314F712}.Release|Any CPU.Build.0 = Release|Any CPU
	EndGlobalSection
	GlobalSection(SolutionProperties) = preSolution
		HideSolutionNode = FALSE
	EndGlobalSection
	GlobalSection(NestedProjects) = preSolution
		{65581DF2-EC65-44CE-898D-40970443DD24} = {B96A441F-204C-403A-B9AA-21C63DF1E856}
		{D57BC774-4714-4DD6-922E-25048BEEF73A} = {8C34D3B7-CC13-4581-93B6-BE7F50381C6E}
		{E6CE69DA-4521-41D2-B8BF-6A577DBE7720} = {8C34D3B7-CC13-4581-93B6-BE7F50381C6E}
		{B96A441F-204C-403A-B9AA-21C63DF1E856} = {A2BEE402-FDA1-4E57-ABE5-D8C7FAC509AB}
		{8C34D3B7-CC13-4581-93B6-BE7F50381C6E} = {A2BEE402-FDA1-4E57-ABE5-D8C7FAC509AB}
		{58C5BE5A-1C19-4705-8408-9C3432866891} = {B96A441F-204C-403A-B9AA-21C63DF1E856}
		{BD6A3697-E2F7-4D39-8F5D-36110314F712} = {A2BEE402-FDA1-4E57-ABE5-D8C7FAC509AB}
	EndGlobalSection
	GlobalSection(ExtensibilityGlobals) = postSolution
		SolutionGuid = {BC3D56D7-8FB3-457B-BFFD-F29ACF189198}
	EndGlobalSection
EndGlobal
